
Microsoft Visual Studio Solution File, Format Version 12.00
# Visual Studio Version 16
VisualStudioVersion = 16.0.31702.278
MinimumVisualStudioVersion = 10.0.40219.1
Project("{2150E333-8FDC-42A3-9474-1A3956D46DE8}") = "Shared", "Shared", "{D16BD4E3-1F82-4FEA-A567-B964BB402184}"
EndProject
Project("{2150E333-8FDC-42A3-9474-1A3956D46DE8}") = "WebApplication", "WebApplication", "{073243E0-2E35-40D0-8D7E-C6436FEC6D92}"
EndProject
Project("{2150E333-8FDC-42A3-9474-1A3956D46DE8}") = "Common", "Common", "{8CD4833C-35A3-4BEA-AF6D-45C37D1DA46F}"
EndProject
Project("{2150E333-8FDC-42A3-9474-1A3956D46DE8}") = "Domain", "Domain", "{288D0F17-1DD7-43CD-9CBC-B587138FC784}"
EndProject
Project("{2150E333-8FDC-42A3-9474-1A3956D46DE8}") = "Service", "Service", "{62B8E8D4-7037-466E-A80E-0712082CFB14}"
EndProject
Project("{FAE04EC0-301F-11D3-BF4B-00C04F79EFBC}") = "Common", "Common\Common.csproj", "{CAA28A13-F28B-45AD-9B61-62FA690BE327}"
EndProject
Project("{FAE04EC0-301F-11D3-BF4B-00C04F79EFBC}") = "Domain", "Domain\Domain.csproj", "{96976673-97C7-4C53-961D-BCCDECB062E3}"
EndProject
Project("{FAE04EC0-301F-11D3-BF4B-00C04F79EFBC}") = "Service", "Service\Service.csproj", "{91C6B612-AAEE-4220-9D21-F81713A547DF}"
EndProject
Project("{FAE04EC0-301F-11D3-BF4B-00C04F79EFBC}") = "WebbApp", "WebbApp\WebbApp.csproj", "{760951A6-D7D2-402F-BFC3-5DA58918240E}"
EndProject
Global
	GlobalSection(SolutionConfigurationPlatforms) = preSolution
		Debug|Any CPU = Debug|Any CPU
		Release|Any CPU = Release|Any CPU
	EndGlobalSection
	GlobalSection(ProjectConfigurationPlatforms) = postSolution
		{CAA28A13-F28B-45AD-9B61-62FA690BE327}.Debug|Any CPU.ActiveCfg = Debug|Any CPU
		{CAA28A13-F28B-45AD-9B61-62FA690BE327}.Debug|Any CPU.Build.0 = Debug|Any CPU
		{CAA28A13-F28B-45AD-9B61-62FA690BE327}.Release|Any CPU.ActiveCfg = Release|Any CPU
		{CAA28A13-F28B-45AD-9B61-62FA690BE327}.Release|Any CPU.Build.0 = Release|Any CPU
		{96976673-97C7-4C53-961D-BCCDECB062E3}.Debug|Any CPU.ActiveCfg = Debug|Any CPU
		{96976673-97C7-4C53-961D-BCCDECB062E3}.Debug|Any CPU.Build.0 = Debug|Any CPU
		{96976673-97C7-4C53-961D-BCCDECB062E3}.Release|Any CPU.ActiveCfg = Release|Any CPU
		{96976673-97C7-4C53-961D-BCCDECB062E3}.Release|Any CPU.Build.0 = Release|Any CPU
		{91C6B612-AAEE-4220-9D21-F81713A547DF}.Debug|Any CPU.ActiveCfg = Debug|Any CPU
		{91C6B612-AAEE-4220-9D21-F81713A547DF}.Debug|Any CPU.Build.0 = Debug|Any CPU
		{91C6B612-AAEE-4220-9D21-F81713A547DF}.Release|Any CPU.ActiveCfg = Release|Any CPU
		{91C6B612-AAEE-4220-9D21-F81713A547DF}.Release|Any CPU.Build.0 = Release|Any CPU
		{760951A6-D7D2-402F-BFC3-5DA58918240E}.Debug|Any CPU.ActiveCfg = Debug|Any CPU
		{760951A6-D7D2-402F-BFC3-5DA58918240E}.Debug|Any CPU.Build.0 = Debug|Any CPU
		{760951A6-D7D2-402F-BFC3-5DA58918240E}.Release|Any CPU.ActiveCfg = Release|Any CPU
		{760951A6-D7D2-402F-BFC3-5DA58918240E}.Release|Any CPU.Build.0 = Release|Any CPU
	EndGlobalSection
	GlobalSection(SolutionProperties) = preSolution
		HideSolutionNode = FALSE
	EndGlobalSection
	GlobalSection(NestedProjects) = preSolution
		{8CD4833C-35A3-4BEA-AF6D-45C37D1DA46F} = {D16BD4E3-1F82-4FEA-A567-B964BB402184}
		{288D0F17-1DD7-43CD-9CBC-B587138FC784} = {D16BD4E3-1F82-4FEA-A567-B964BB402184}
		{62B8E8D4-7037-466E-A80E-0712082CFB14} = {D16BD4E3-1F82-4FEA-A567-B964BB402184}
		{CAA28A13-F28B-45AD-9B61-62FA690BE327} = {8CD4833C-35A3-4BEA-AF6D-45C37D1DA46F}
		{96976673-97C7-4C53-961D-BCCDECB062E3} = {288D0F17-1DD7-43CD-9CBC-B587138FC784}
		{91C6B612-AAEE-4220-9D21-F81713A547DF} = {62B8E8D4-7037-466E-A80E-0712082CFB14}
		{760951A6-D7D2-402F-BFC3-5DA58918240E} = {073243E0-2E35-40D0-8D7E-C6436FEC6D92}
	EndGlobalSection
	GlobalSection(ExtensibilityGlobals) = postSolution
		SolutionGuid = {0462C2BB-63A1-4BC1-9C57-13323A848DD0}
	EndGlobalSection
EndGlobal
